
Microsoft Visual Studio Solution File, Format Version 12.00
# Visual Studio 2013
VisualStudioVersion = 12.0.21005.1
MinimumVisualStudioVersion = 10.0.40219.1
Project("{2150E333-8FDC-42A3-9474-1A3956D46DE8}") = "Repository", "Repository", "{CD923243-FE1D-4F0A-AFE9-66A6AF72AE6C}"
EndProject
Project("{FAE04EC0-301F-11D3-BF4B-00C04F79EFBC}") = "Repository.Interface", "Repository.Interface\Repository.Interface.csproj", "{00A1FCAF-EB28-4C7B-A5B2-AA5607D646A4}"
EndProject
Project("{FAE04EC0-301F-11D3-BF4B-00C04F79EFBC}") = "Repository.DataService", "Repository.DataService\Repository.DataService.csproj", "{58F4502C-B868-4D8C-8FC3-9E74E338F661}"
EndProject
Project("{2150E333-8FDC-42A3-9474-1A3956D46DE8}") = "API", "API", "{DB4222F3-3C94-4C96-BAB3-A96229598A44}"
EndProject
Project("{FAE04EC0-301F-11D3-BF4B-00C04F79EFBC}") = "Store.API", "Store.API\Store.API.csproj", "{1B866A7E-F538-42F9-A25A-7AD181E3D4A2}"
EndProject
Project("{FAE04EC0-301F-11D3-BF4B-00C04F79EFBC}") = "Store.API.Tests", "Store.API.Tests\Store.API.Tests.csproj", "{7963EF6C-FF4D-4F17-8D66-6AA715FD4150}"
EndProject
Project("{2150E333-8FDC-42A3-9474-1A3956D46DE8}") = "StoreService", "StoreService", "{2D124E26-4B73-466A-B3EF-2D993F71697A}"
EndProject
Project("{FAE04EC0-301F-11D3-BF4B-00C04F79EFBC}") = "StoreService.Interface", "StoreService.Interface\StoreService.Interface.csproj", "{24E2D7F9-7B5E-484B-9D8B-DD8DD1F3F2FE}"
EndProject
Project("{FAE04EC0-301F-11D3-BF4B-00C04F79EFBC}") = "StoreService.BusinessService", "StoreService.BusinessService\StoreService.BusinessService.csproj", "{8F5C7FCC-4803-450D-9703-BA0DB6CEAB36}"
EndProject
Project("{2150E333-8FDC-42A3-9474-1A3956D46DE8}") = "DomainObject", "DomainObject", "{1C4E2292-135E-4AD7-9394-59F1D3EA7967}"
EndProject
Project("{FAE04EC0-301F-11D3-BF4B-00C04F79EFBC}") = "DomainObject.Entity", "DomainObject.Entity\DomainObject.Entity.csproj", "{EFE8F4A7-EA91-48A1-887F-8A3BE10A1A4C}"
EndProject
Project("{2150E333-8FDC-42A3-9474-1A3956D46DE8}") = "Utility", "Utility", "{E5807336-F4AD-4FFC-94CE-6BA02E2BEF05}"
EndProject
Project("{FAE04EC0-301F-11D3-BF4B-00C04F79EFBC}") = "Utility.Common", "Utility.Common\Utility.Common.csproj", "{1AC6D203-F2E6-4262-8652-C1C21755DAB5}"
EndProject
Project("{2150E333-8FDC-42A3-9474-1A3956D46DE8}") = "Validation", "Validation", "{36DBE38E-524E-4CEB-90AE-586CDC8E6019}"
EndProject
Project("{2150E333-8FDC-42A3-9474-1A3956D46DE8}") = "Security", "Security", "{EAF5A312-5C13-4439-A845-2193EA58E834}"
EndProject
Global
	GlobalSection(SolutionConfigurationPlatforms) = preSolution
		Debug|Any CPU = Debug|Any CPU
		Release|Any CPU = Release|Any CPU
	EndGlobalSection
	GlobalSection(ProjectConfigurationPlatforms) = postSolution
		{00A1FCAF-EB28-4C7B-A5B2-AA5607D646A4}.Debug|Any CPU.ActiveCfg = Debug|Any CPU
		{00A1FCAF-EB28-4C7B-A5B2-AA5607D646A4}.Debug|Any CPU.Build.0 = Debug|Any CPU
		{00A1FCAF-EB28-4C7B-A5B2-AA5607D646A4}.Release|Any CPU.ActiveCfg = Release|Any CPU
		{00A1FCAF-EB28-4C7B-A5B2-AA5607D646A4}.Release|Any CPU.Build.0 = Release|Any CPU
		{58F4502C-B868-4D8C-8FC3-9E74E338F661}.Debug|Any CPU.ActiveCfg = Debug|Any CPU
		{58F4502C-B868-4D8C-8FC3-9E74E338F661}.Debug|Any CPU.Build.0 = Debug|Any CPU
		{58F4502C-B868-4D8C-8FC3-9E74E338F661}.Release|Any CPU.ActiveCfg = Release|Any CPU
		{58F4502C-B868-4D8C-8FC3-9E74E338F661}.Release|Any CPU.Build.0 = Release|Any CPU
		{1B866A7E-F538-42F9-A25A-7AD181E3D4A2}.Debug|Any CPU.ActiveCfg = Debug|Any CPU
		{1B866A7E-F538-42F9-A25A-7AD181E3D4A2}.Debug|Any CPU.Build.0 = Debug|Any CPU
		{1B866A7E-F538-42F9-A25A-7AD181E3D4A2}.Release|Any CPU.ActiveCfg = Release|Any CPU
		{1B866A7E-F538-42F9-A25A-7AD181E3D4A2}.Release|Any CPU.Build.0 = Release|Any CPU
		{7963EF6C-FF4D-4F17-8D66-6AA715FD4150}.Debug|Any CPU.ActiveCfg = Debug|Any CPU
		{7963EF6C-FF4D-4F17-8D66-6AA715FD4150}.Debug|Any CPU.Build.0 = Debug|Any CPU
		{7963EF6C-FF4D-4F17-8D66-6AA715FD4150}.Release|Any CPU.ActiveCfg = Release|Any CPU
		{7963EF6C-FF4D-4F17-8D66-6AA715FD4150}.Release|Any CPU.Build.0 = Release|Any CPU
		{24E2D7F9-7B5E-484B-9D8B-DD8DD1F3F2FE}.Debug|Any CPU.ActiveCfg = Debug|Any CPU
		{24E2D7F9-7B5E-484B-9D8B-DD8DD1F3F2FE}.Debug|Any CPU.Build.0 = Debug|Any CPU
		{24E2D7F9-7B5E-484B-9D8B-DD8DD1F3F2FE}.Release|Any CPU.ActiveCfg = Release|Any CPU
		{24E2D7F9-7B5E-484B-9D8B-DD8DD1F3F2FE}.Release|Any CPU.Build.0 = Release|Any CPU
		{8F5C7FCC-4803-450D-9703-BA0DB6CEAB36}.Debug|Any CPU.ActiveCfg = Debug|Any CPU
		{8F5C7FCC-4803-450D-9703-BA0DB6CEAB36}.Debug|Any CPU.Build.0 = Debug|Any CPU
		{8F5C7FCC-4803-450D-9703-BA0DB6CEAB36}.Release|Any CPU.ActiveCfg = Release|Any CPU
		{8F5C7FCC-4803-450D-9703-BA0DB6CEAB36}.Release|Any CPU.Build.0 = Release|Any CPU
		{EFE8F4A7-EA91-48A1-887F-8A3BE10A1A4C}.Debug|Any CPU.ActiveCfg = Debug|Any CPU
		{EFE8F4A7-EA91-48A1-887F-8A3BE10A1A4C}.Debug|Any CPU.Build.0 = Debug|Any CPU
		{EFE8F4A7-EA91-48A1-887F-8A3BE10A1A4C}.Release|Any CPU.ActiveCfg = Release|Any CPU
		{EFE8F4A7-EA91-48A1-887F-8A3BE10A1A4C}.Release|Any CPU.Build.0 = Release|Any CPU
		{1AC6D203-F2E6-4262-8652-C1C21755DAB5}.Debug|Any CPU.ActiveCfg = Debug|Any CPU
		{1AC6D203-F2E6-4262-8652-C1C21755DAB5}.Debug|Any CPU.Build.0 = Debug|Any CPU
		{1AC6D203-F2E6-4262-8652-C1C21755DAB5}.Release|Any CPU.ActiveCfg = Release|Any CPU
		{1AC6D203-F2E6-4262-8652-C1C21755DAB5}.Release|Any CPU.Build.0 = Release|Any CPU
	EndGlobalSection
	GlobalSection(SolutionProperties) = preSolution
		HideSolutionNode = FALSE
	EndGlobalSection
	GlobalSection(NestedProjects) = preSolution
		{00A1FCAF-EB28-4C7B-A5B2-AA5607D646A4} = {CD923243-FE1D-4F0A-AFE9-66A6AF72AE6C}
		{58F4502C-B868-4D8C-8FC3-9E74E338F661} = {CD923243-FE1D-4F0A-AFE9-66A6AF72AE6C}
		{1B866A7E-F538-42F9-A25A-7AD181E3D4A2} = {DB4222F3-3C94-4C96-BAB3-A96229598A44}
		{7963EF6C-FF4D-4F17-8D66-6AA715FD4150} = {DB4222F3-3C94-4C96-BAB3-A96229598A44}
		{24E2D7F9-7B5E-484B-9D8B-DD8DD1F3F2FE} = {2D124E26-4B73-466A-B3EF-2D993F71697A}
		{8F5C7FCC-4803-450D-9703-BA0DB6CEAB36} = {2D124E26-4B73-466A-B3EF-2D993F71697A}
		{EFE8F4A7-EA91-48A1-887F-8A3BE10A1A4C} = {1C4E2292-135E-4AD7-9394-59F1D3EA7967}
		{1AC6D203-F2E6-4262-8652-C1C21755DAB5} = {E5807336-F4AD-4FFC-94CE-6BA02E2BEF05}
	EndGlobalSection
EndGlobal
